// !$*UTF8*$!
{
	archiveVersion = 1;
	classes = {
	};
	objectVersion = 50;
	objects = {

/* Begin PBXBuildFile section */
		0808914125DD3936005AEBC9 /* AppDelegate.swift in Sources */ = {isa = PBXBuildFile; fileRef = 0808914025DD3936005AEBC9 /* AppDelegate.swift */; };
		0808914325DD3936005AEBC9 /* SceneDelegate.swift in Sources */ = {isa = PBXBuildFile; fileRef = 0808914225DD3936005AEBC9 /* SceneDelegate.swift */; };
		0808914525DD3936005AEBC9 /* ListViewController.swift in Sources */ = {isa = PBXBuildFile; fileRef = 0808914425DD3936005AEBC9 /* ListViewController.swift */; };
		0808914A25DD3939005AEBC9 /* Assets.xcassets in Resources */ = {isa = PBXBuildFile; fileRef = 0808914925DD3939005AEBC9 /* Assets.xcassets */; };
		0808914D25DD3939005AEBC9 /* LaunchScreen.storyboard in Resources */ = {isa = PBXBuildFile; fileRef = 0808914B25DD3939005AEBC9 /* LaunchScreen.storyboard */; };
		0808915825DD3939005AEBC9 /* TryModernCollectionViewTests.swift in Sources */ = {isa = PBXBuildFile; fileRef = 0808915725DD3939005AEBC9 /* TryModernCollectionViewTests.swift */; };
		0808916325DD393A005AEBC9 /* TryModernCollectionViewUITests.swift in Sources */ = {isa = PBXBuildFile; fileRef = 0808916225DD393A005AEBC9 /* TryModernCollectionViewUITests.swift */; };
		0808917C25DD3D23005AEBC9 /* Person.swift in Sources */ = {isa = PBXBuildFile; fileRef = 0808917B25DD3D23005AEBC9 /* Person.swift */; };
		0808918125DD3D79005AEBC9 /* Section.swift in Sources */ = {isa = PBXBuildFile; fileRef = 0808918025DD3D79005AEBC9 /* Section.swift */; };
		0808918925DD3D93005AEBC9 /* PersonCollectionViewCell.swift in Sources */ = {isa = PBXBuildFile; fileRef = 0808918825DD3D93005AEBC9 /* PersonCollectionViewCell.swift */; };
		0808918E25DD3DB2005AEBC9 /* ListCollectionView.swift in Sources */ = {isa = PBXBuildFile; fileRef = 0808918D25DD3DB2005AEBC9 /* ListCollectionView.swift */; };
		0808919625DDDA97005AEBC9 /* PhotosViewController.swift in Sources */ = {isa = PBXBuildFile; fileRef = 0808919525DDDA97005AEBC9 /* PhotosViewController.swift */; };
		080891A125DDDBDA005AEBC9 /* PhotoCollectionViewCell.swift in Sources */ = {isa = PBXBuildFile; fileRef = 080891A025DDDBDA005AEBC9 /* PhotoCollectionViewCell.swift */; };
		080891A725DDDC0F005AEBC9 /* GalleryCollectionView.swift in Sources */ = {isa = PBXBuildFile; fileRef = 080891A625DDDC0F005AEBC9 /* GalleryCollectionView.swift */; };
		080891B025DDDD38005AEBC9 /* MainTabBarController.swift in Sources */ = {isa = PBXBuildFile; fileRef = 080891AF25DDDD38005AEBC9 /* MainTabBarController.swift */; };
/* End PBXBuildFile section */

/* Begin PBXContainerItemProxy section */
		0808915425DD3939005AEBC9 /* PBXContainerItemProxy */ = {
			isa = PBXContainerItemProxy;
			containerPortal = 0808913525DD3936005AEBC9 /* Project object */;
			proxyType = 1;
			remoteGlobalIDString = 0808913C25DD3936005AEBC9;
			remoteInfo = TryModernCollectionView;
		};
		0808915F25DD393A005AEBC9 /* PBXContainerItemProxy */ = {
			isa = PBXContainerItemProxy;
			containerPortal = 0808913525DD3936005AEBC9 /* Project object */;
			proxyType = 1;
			remoteGlobalIDString = 0808913C25DD3936005AEBC9;
			remoteInfo = TryModernCollectionView;
		};
/* End PBXContainerItemProxy section */

/* Begin PBXFileReference section */
		0808913D25DD3936005AEBC9 /* TryModernCollectionView.app */ = {isa = PBXFileReference; explicitFileType = wrapper.application; includeInIndex = 0; path = TryModernCollectionView.app; sourceTree = BUILT_PRODUCTS_DIR; };
		0808914025DD3936005AEBC9 /* AppDelegate.swift */ = {isa = PBXFileReference; lastKnownFileType = sourcecode.swift; path = AppDelegate.swift; sourceTree = "<group>"; };
		0808914225DD3936005AEBC9 /* SceneDelegate.swift */ = {isa = PBXFileReference; lastKnownFileType = sourcecode.swift; path = SceneDelegate.swift; sourceTree = "<group>"; };
		0808914425DD3936005AEBC9 /* ListViewController.swift */ = {isa = PBXFileReference; lastKnownFileType = sourcecode.swift; path = ListViewController.swift; sourceTree = "<group>"; };
		0808914925DD3939005AEBC9 /* Assets.xcassets */ = {isa = PBXFileReference; lastKnownFileType = folder.assetcatalog; path = Assets.xcassets; sourceTree = "<group>"; };
		0808914C25DD3939005AEBC9 /* Base */ = {isa = PBXFileReference; lastKnownFileType = file.storyboard; name = Base; path = Base.lproj/LaunchScreen.storyboard; sourceTree = "<group>"; };
		0808914E25DD3939005AEBC9 /* Info.plist */ = {isa = PBXFileReference; lastKnownFileType = text.plist.xml; path = Info.plist; sourceTree = "<group>"; };
		0808915325DD3939005AEBC9 /* TryModernCollectionViewTests.xctest */ = {isa = PBXFileReference; explicitFileType = wrapper.cfbundle; includeInIndex = 0; path = TryModernCollectionViewTests.xctest; sourceTree = BUILT_PRODUCTS_DIR; };
		0808915725DD3939005AEBC9 /* TryModernCollectionViewTests.swift */ = {isa = PBXFileReference; lastKnownFileType = sourcecode.swift; path = TryModernCollectionViewTests.swift; sourceTree = "<group>"; };
		0808915925DD3939005AEBC9 /* Info.plist */ = {isa = PBXFileReference; lastKnownFileType = text.plist.xml; path = Info.plist; sourceTree = "<group>"; };
		0808915E25DD393A005AEBC9 /* TryModernCollectionViewUITests.xctest */ = {isa = PBXFileReference; explicitFileType = wrapper.cfbundle; includeInIndex = 0; path = TryModernCollectionViewUITests.xctest; sourceTree = BUILT_PRODUCTS_DIR; };
		0808916225DD393A005AEBC9 /* TryModernCollectionViewUITests.swift */ = {isa = PBXFileReference; lastKnownFileType = sourcecode.swift; path = TryModernCollectionViewUITests.swift; sourceTree = "<group>"; };
		0808916425DD393A005AEBC9 /* Info.plist */ = {isa = PBXFileReference; lastKnownFileType = text.plist.xml; path = Info.plist; sourceTree = "<group>"; };
		0808917B25DD3D23005AEBC9 /* Person.swift */ = {isa = PBXFileReference; lastKnownFileType = sourcecode.swift; path = Person.swift; sourceTree = "<group>"; };
		0808918025DD3D79005AEBC9 /* Section.swift */ = {isa = PBXFileReference; lastKnownFileType = sourcecode.swift; path = Section.swift; sourceTree = "<group>"; };
		0808918825DD3D93005AEBC9 /* PersonCollectionViewCell.swift */ = {isa = PBXFileReference; lastKnownFileType = sourcecode.swift; path = PersonCollectionViewCell.swift; sourceTree = "<group>"; };
		0808918D25DD3DB2005AEBC9 /* ListCollectionView.swift */ = {isa = PBXFileReference; lastKnownFileType = sourcecode.swift; path = ListCollectionView.swift; sourceTree = "<group>"; };
		0808919525DDDA97005AEBC9 /* PhotosViewController.swift */ = {isa = PBXFileReference; lastKnownFileType = sourcecode.swift; path = PhotosViewController.swift; sourceTree = "<group>"; };
		080891A025DDDBDA005AEBC9 /* PhotoCollectionViewCell.swift */ = {isa = PBXFileReference; lastKnownFileType = sourcecode.swift; path = PhotoCollectionViewCell.swift; sourceTree = "<group>"; };
		080891A625DDDC0F005AEBC9 /* GalleryCollectionView.swift */ = {isa = PBXFileReference; lastKnownFileType = sourcecode.swift; path = GalleryCollectionView.swift; sourceTree = "<group>"; };
		080891AF25DDDD38005AEBC9 /* MainTabBarController.swift */ = {isa = PBXFileReference; lastKnownFileType = sourcecode.swift; path = MainTabBarController.swift; sourceTree = "<group>"; };
/* End PBXFileReference section */

/* Begin PBXFrameworksBuildPhase section */
		0808913A25DD3936005AEBC9 /* Frameworks */ = {
			isa = PBXFrameworksBuildPhase;
			buildActionMask = 2147483647;
			files = (
			);
			runOnlyForDeploymentPostprocessing = 0;
		};
		0808915025DD3939005AEBC9 /* Frameworks */ = {
			isa = PBXFrameworksBuildPhase;
			buildActionMask = 2147483647;
			files = (
			);
			runOnlyForDeploymentPostprocessing = 0;
		};
		0808915B25DD393A005AEBC9 /* Frameworks */ = {
			isa = PBXFrameworksBuildPhase;
			buildActionMask = 2147483647;
			files = (
			);
			runOnlyForDeploymentPostprocessing = 0;
		};
/* End PBXFrameworksBuildPhase section */

/* Begin PBXGroup section */
		0808913425DD3936005AEBC9 = {
			isa = PBXGroup;
			children = (
				0808913F25DD3936005AEBC9 /* TryModernCollectionView */,
				0808915625DD3939005AEBC9 /* TryModernCollectionViewTests */,
				0808916125DD393A005AEBC9 /* TryModernCollectionViewUITests */,
				0808913E25DD3936005AEBC9 /* Products */,
			);
			sourceTree = "<group>";
		};
		0808913E25DD3936005AEBC9 /* Products */ = {
			isa = PBXGroup;
			children = (
				0808913D25DD3936005AEBC9 /* TryModernCollectionView.app */,
				0808915325DD3939005AEBC9 /* TryModernCollectionViewTests.xctest */,
				0808915E25DD393A005AEBC9 /* TryModernCollectionViewUITests.xctest */,
			);
			name = Products;
			sourceTree = "<group>";
		};
		0808913F25DD3936005AEBC9 /* TryModernCollectionView */ = {
			isa = PBXGroup;
			children = (
				0808917925DD3D07005AEBC9 /* Model */,
				0808917A25DD3D0E005AEBC9 /* Views */,
				080891AE25DDDCF8005AEBC9 /* ViewControllers */,
				0808914025DD3936005AEBC9 /* AppDelegate.swift */,
				0808914225DD3936005AEBC9 /* SceneDelegate.swift */,
				0808914925DD3939005AEBC9 /* Assets.xcassets */,
				0808914B25DD3939005AEBC9 /* LaunchScreen.storyboard */,
				0808914E25DD3939005AEBC9 /* Info.plist */,
			);
			path = TryModernCollectionView;
			sourceTree = "<group>";
		};
		0808915625DD3939005AEBC9 /* TryModernCollectionViewTests */ = {
			isa = PBXGroup;
			children = (
				0808915725DD3939005AEBC9 /* TryModernCollectionViewTests.swift */,
				0808915925DD3939005AEBC9 /* Info.plist */,
			);
			path = TryModernCollectionViewTests;
			sourceTree = "<group>";
		};
		0808916125DD393A005AEBC9 /* TryModernCollectionViewUITests */ = {
			isa = PBXGroup;
			children = (
				0808916225DD393A005AEBC9 /* TryModernCollectionViewUITests.swift */,
				0808916425DD393A005AEBC9 /* Info.plist */,
			);
			path = TryModernCollectionViewUITests;
			sourceTree = "<group>";
		};
		0808917925DD3D07005AEBC9 /* Model */ = {
			isa = PBXGroup;
			children = (
				0808917B25DD3D23005AEBC9 /* Person.swift */,
				0808918025DD3D79005AEBC9 /* Section.swift */,
			);
			path = Model;
			sourceTree = "<group>";
		};
		0808917A25DD3D0E005AEBC9 /* Views */ = {
			isa = PBXGroup;
			children = (
				080891A525DDDBE9005AEBC9 /* Cell */,
				0808918D25DD3DB2005AEBC9 /* ListCollectionView.swift */,
				080891A625DDDC0F005AEBC9 /* GalleryCollectionView.swift */,
			);
			path = Views;
			sourceTree = "<group>";
		};
		080891A525DDDBE9005AEBC9 /* Cell */ = {
			isa = PBXGroup;
			children = (
				080891A025DDDBDA005AEBC9 /* PhotoCollectionViewCell.swift */,
				0808918825DD3D93005AEBC9 /* PersonCollectionViewCell.swift */,
			);
			path = Cell;
			sourceTree = "<group>";
		};
		080891AE25DDDCF8005AEBC9 /* ViewControllers */ = {
			isa = PBXGroup;
			children = (
				0808914425DD3936005AEBC9 /* ListViewController.swift */,
				0808919525DDDA97005AEBC9 /* PhotosViewController.swift */,
				080891AF25DDDD38005AEBC9 /* MainTabBarController.swift */,
			);
			path = ViewControllers;
			sourceTree = "<group>";
		};
/* End PBXGroup section */

/* Begin PBXNativeTarget section */
		0808913C25DD3936005AEBC9 /* TryModernCollectionView */ = {
			isa = PBXNativeTarget;
			buildConfigurationList = 0808916725DD393A005AEBC9 /* Build configuration list for PBXNativeTarget "TryModernCollectionView" */;
			buildPhases = (
				0808913925DD3936005AEBC9 /* Sources */,
				0808913A25DD3936005AEBC9 /* Frameworks */,
				0808913B25DD3936005AEBC9 /* Resources */,
			);
			buildRules = (
			);
			dependencies = (
			);
			name = TryModernCollectionView;
			productName = TryModernCollectionView;
			productReference = 0808913D25DD3936005AEBC9 /* TryModernCollectionView.app */;
			productType = "com.apple.product-type.application";
		};
		0808915225DD3939005AEBC9 /* TryModernCollectionViewTests */ = {
			isa = PBXNativeTarget;
			buildConfigurationList = 0808916A25DD393A005AEBC9 /* Build configuration list for PBXNativeTarget "TryModernCollectionViewTests" */;
			buildPhases = (
				0808914F25DD3939005AEBC9 /* Sources */,
				0808915025DD3939005AEBC9 /* Frameworks */,
				0808915125DD3939005AEBC9 /* Resources */,
			);
			buildRules = (
			);
			dependencies = (
				0808915525DD3939005AEBC9 /* PBXTargetDependency */,
			);
			name = TryModernCollectionViewTests;
			productName = TryModernCollectionViewTests;
			productReference = 0808915325DD3939005AEBC9 /* TryModernCollectionViewTests.xctest */;
			productType = "com.apple.product-type.bundle.unit-test";
		};
		0808915D25DD393A005AEBC9 /* TryModernCollectionViewUITests */ = {
			isa = PBXNativeTarget;
			buildConfigurationList = 0808916D25DD393A005AEBC9 /* Build configuration list for PBXNativeTarget "TryModernCollectionViewUITests" */;
			buildPhases = (
				0808915A25DD393A005AEBC9 /* Sources */,
				0808915B25DD393A005AEBC9 /* Frameworks */,
				0808915C25DD393A005AEBC9 /* Resources */,
			);
			buildRules = (
			);
			dependencies = (
				0808916025DD393A005AEBC9 /* PBXTargetDependency */,
			);
			name = TryModernCollectionViewUITests;
			productName = TryModernCollectionViewUITests;
			productReference = 0808915E25DD393A005AEBC9 /* TryModernCollectionViewUITests.xctest */;
			productType = "com.apple.product-type.bundle.ui-testing";
		};
/* End PBXNativeTarget section */

/* Begin PBXProject section */
		0808913525DD3936005AEBC9 /* Project object */ = {
			isa = PBXProject;
			attributes = {
				LastSwiftUpdateCheck = 1240;
				LastUpgradeCheck = 1240;
				TargetAttributes = {
					0808913C25DD3936005AEBC9 = {
						CreatedOnToolsVersion = 12.4;
					};
					0808915225DD3939005AEBC9 = {
						CreatedOnToolsVersion = 12.4;
						TestTargetID = 0808913C25DD3936005AEBC9;
					};
					0808915D25DD393A005AEBC9 = {
						CreatedOnToolsVersion = 12.4;
						TestTargetID = 0808913C25DD3936005AEBC9;
					};
				};
			};
			buildConfigurationList = 0808913825DD3936005AEBC9 /* Build configuration list for PBXProject "TryModernCollectionView" */;
			compatibilityVersion = "Xcode 9.3";
			developmentRegion = en;
			hasScannedForEncodings = 0;
			knownRegions = (
				en,
				Base,
			);
			mainGroup = 0808913425DD3936005AEBC9;
			productRefGroup = 0808913E25DD3936005AEBC9 /* Products */;
			projectDirPath = "";
			projectRoot = "";
			targets = (
				0808913C25DD3936005AEBC9 /* TryModernCollectionView */,
				0808915225DD3939005AEBC9 /* TryModernCollectionViewTests */,
				0808915D25DD393A005AEBC9 /* TryModernCollectionViewUITests */,
			);
		};
/* End PBXProject section */

/* Begin PBXResourcesBuildPhase section */
		0808913B25DD3936005AEBC9 /* Resources */ = {
			isa = PBXResourcesBuildPhase;
			buildActionMask = 2147483647;
			files = (
				0808914D25DD3939005AEBC9 /* LaunchScreen.storyboard in Resources */,
				0808914A25DD3939005AEBC9 /* Assets.xcassets in Resources */,
			);
			runOnlyForDeploymentPostprocessing = 0;
		};
		0808915125DD3939005AEBC9 /* Resources */ = {
			isa = PBXResourcesBuildPhase;
			buildActionMask = 2147483647;
			files = (
			);
			runOnlyForDeploymentPostprocessing = 0;
		};
		0808915C25DD393A005AEBC9 /* Resources */ = {
			isa = PBXResourcesBuildPhase;
			buildActionMask = 2147483647;
			files = (
			);
			runOnlyForDeploymentPostprocessing = 0;
		};
/* End PBXResourcesBuildPhase section */

/* Begin PBXSourcesBuildPhase section */
		0808913925DD3936005AEBC9 /* Sources */ = {
			isa = PBXSourcesBuildPhase;
			buildActionMask = 2147483647;
			files = (
				0808918E25DD3DB2005AEBC9 /* ListCollectionView.swift in Sources */,
				0808919625DDDA97005AEBC9 /* PhotosViewController.swift in Sources */,
				080891B025DDDD38005AEBC9 /* MainTabBarController.swift in Sources */,
				0808918925DD3D93005AEBC9 /* PersonCollectionViewCell.swift in Sources */,
				080891A725DDDC0F005AEBC9 /* GalleryCollectionView.swift in Sources */,
				0808918125DD3D79005AEBC9 /* Section.swift in Sources */,
				0808914525DD3936005AEBC9 /* ListViewController.swift in Sources */,
				080891A125DDDBDA005AEBC9 /* PhotoCollectionViewCell.swift in Sources */,
				0808914125DD3936005AEBC9 /* AppDelegate.swift in Sources */,
				0808917C25DD3D23005AEBC9 /* Person.swift in Sources */,
				0808914325DD3936005AEBC9 /* SceneDelegate.swift in Sources */,
			);
			runOnlyForDeploymentPostprocessing = 0;
		};
		0808914F25DD3939005AEBC9 /* Sources */ = {
			isa = PBXSourcesBuildPhase;
			buildActionMask = 2147483647;
			files = (
				0808915825DD3939005AEBC9 /* TryModernCollectionViewTests.swift in Sources */,
			);
			runOnlyForDeploymentPostprocessing = 0;
		};
		0808915A25DD393A005AEBC9 /* Sources */ = {
			isa = PBXSourcesBuildPhase;
			buildActionMask = 2147483647;
			files = (
				0808916325DD393A005AEBC9 /* TryModernCollectionViewUITests.swift in Sources */,
			);
			runOnlyForDeploymentPostprocessing = 0;
		};
/* End PBXSourcesBuildPhase section */

/* Begin PBXTargetDependency section */
		0808915525DD3939005AEBC9 /* PBXTargetDependency */ = {
			isa = PBXTargetDependency;
			target = 0808913C25DD3936005AEBC9 /* TryModernCollectionView */;
			targetProxy = 0808915425DD3939005AEBC9 /* PBXContainerItemProxy */;
		};
		0808916025DD393A005AEBC9 /* PBXTargetDependency */ = {
			isa = PBXTargetDependency;
			target = 0808913C25DD3936005AEBC9 /* TryModernCollectionView */;
			targetProxy = 0808915F25DD393A005AEBC9 /* PBXContainerItemProxy */;
		};
/* End PBXTargetDependency section */

/* Begin PBXVariantGroup section */
		0808914B25DD3939005AEBC9 /* LaunchScreen.storyboard */ = {
			isa = PBXVariantGroup;
			children = (
				0808914C25DD3939005AEBC9 /* Base */,
			);
			name = LaunchScreen.storyboard;
			sourceTree = "<group>";
		};
/* End PBXVariantGroup section */

/* Begin XCBuildConfiguration section */
		0808916525DD393A005AEBC9 /* Debug */ = {
			isa = XCBuildConfiguration;
			buildSettings = {
				ALWAYS_SEARCH_USER_PATHS = NO;
				CLANG_ANALYZER_NONNULL = YES;
				CLANG_ANALYZER_NUMBER_OBJECT_CONVERSION = YES_AGGRESSIVE;
				CLANG_CXX_LANGUAGE_STANDARD = "gnu++14";
				CLANG_CXX_LIBRARY = "libc++";
				CLANG_ENABLE_MODULES = YES;
				CLANG_ENABLE_OBJC_ARC = YES;
				CLANG_ENABLE_OBJC_WEAK = YES;
				CLANG_WARN_BLOCK_CAPTURE_AUTORELEASING = YES;
				CLANG_WARN_BOOL_CONVERSION = YES;
				CLANG_WARN_COMMA = YES;
				CLANG_WARN_CONSTANT_CONVERSION = YES;
				CLANG_WARN_DEPRECATED_OBJC_IMPLEMENTATIONS = YES;
				CLANG_WARN_DIRECT_OBJC_ISA_USAGE = YES_ERROR;
				CLANG_WARN_DOCUMENTATION_COMMENTS = YES;
				CLANG_WARN_EMPTY_BODY = YES;
				CLANG_WARN_ENUM_CONVERSION = YES;
				CLANG_WARN_INFINITE_RECURSION = YES;
				CLANG_WARN_INT_CONVERSION = YES;
				CLANG_WARN_NON_LITERAL_NULL_CONVERSION = YES;
				CLANG_WARN_OBJC_IMPLICIT_RETAIN_SELF = YES;
				CLANG_WARN_OBJC_LITERAL_CONVERSION = YES;
				CLANG_WARN_OBJC_ROOT_CLASS = YES_ERROR;
				CLANG_WARN_QUOTED_INCLUDE_IN_FRAMEWORK_HEADER = YES;
				CLANG_WARN_RANGE_LOOP_ANALYSIS = YES;
				CLANG_WARN_STRICT_PROTOTYPES = YES;
				CLANG_WARN_SUSPICIOUS_MOVE = YES;
				CLANG_WARN_UNGUARDED_AVAILABILITY = YES_AGGRESSIVE;
				CLANG_WARN_UNREACHABLE_CODE = YES;
				CLANG_WARN__DUPLICATE_METHOD_MATCH = YES;
				COPY_PHASE_STRIP = NO;
				DEBUG_INFORMATION_FORMAT = dwarf;
				ENABLE_STRICT_OBJC_MSGSEND = YES;
				ENABLE_TESTABILITY = YES;
				GCC_C_LANGUAGE_STANDARD = gnu11;
				GCC_DYNAMIC_NO_PIC = NO;
				GCC_NO_COMMON_BLOCKS = YES;
				GCC_OPTIMIZATION_LEVEL = 0;
				GCC_PREPROCESSOR_DEFINITIONS = (
					"DEBUG=1",
					"$(inherited)",
				);
				GCC_WARN_64_TO_32_BIT_CONVERSION = YES;
				GCC_WARN_ABOUT_RETURN_TYPE = YES_ERROR;
				GCC_WARN_UNDECLARED_SELECTOR = YES;
				GCC_WARN_UNINITIALIZED_AUTOS = YES_AGGRESSIVE;
				GCC_WARN_UNUSED_FUNCTION = YES;
				GCC_WARN_UNUSED_VARIABLE = YES;
				IPHONEOS_DEPLOYMENT_TARGET = 14.4;
				MTL_ENABLE_DEBUG_INFO = INCLUDE_SOURCE;
				MTL_FAST_MATH = YES;
				ONLY_ACTIVE_ARCH = YES;
				SDKROOT = iphoneos;
				SWIFT_ACTIVE_COMPILATION_CONDITIONS = DEBUG;
				SWIFT_OPTIMIZATION_LEVEL = "-Onone";
			};
			name = Debug;
		};
		0808916625DD393A005AEBC9 /* Release */ = {
			isa = XCBuildConfiguration;
			buildSettings = {
				ALWAYS_SEARCH_USER_PATHS = NO;
				CLANG_ANALYZER_NONNULL = YES;
				CLANG_ANALYZER_NUMBER_OBJECT_CONVERSION = YES_AGGRESSIVE;
				CLANG_CXX_LANGUAGE_STANDARD = "gnu++14";
				CLANG_CXX_LIBRARY = "libc++";
				CLANG_ENABLE_MODULES = YES;
				CLANG_ENABLE_OBJC_ARC = YES;
				CLANG_ENABLE_OBJC_WEAK = YES;
				CLANG_WARN_BLOCK_CAPTURE_AUTORELEASING = YES;
				CLANG_WARN_BOOL_CONVERSION = YES;
				CLANG_WARN_COMMA = YES;
				CLANG_WARN_CONSTANT_CONVERSION = YES;
				CLANG_WARN_DEPRECATED_OBJC_IMPLEMENTATIONS = YES;
				CLANG_WARN_DIRECT_OBJC_ISA_USAGE = YES_ERROR;
				CLANG_WARN_DOCUMENTATION_COMMENTS = YES;
				CLANG_WARN_EMPTY_BODY = YES;
				CLANG_WARN_ENUM_CONVERSION = YES;
				CLANG_WARN_INFINITE_RECURSION = YES;
				CLANG_WARN_INT_CONVERSION = YES;
				CLANG_WARN_NON_LITERAL_NULL_CONVERSION = YES;
				CLANG_WARN_OBJC_IMPLICIT_RETAIN_SELF = YES;
				CLANG_WARN_OBJC_LITERAL_CONVERSION = YES;
				CLANG_WARN_OBJC_ROOT_CLASS = YES_ERROR;
				CLANG_WARN_QUOTED_INCLUDE_IN_FRAMEWORK_HEADER = YES;
				CLANG_WARN_RANGE_LOOP_ANALYSIS = YES;
				CLANG_WARN_STRICT_PROTOTYPES = YES;
				CLANG_WARN_SUSPICIOUS_MOVE = YES;
				CLANG_WARN_UNGUARDED_AVAILABILITY = YES_AGGRESSIVE;
				CLANG_WARN_UNREACHABLE_CODE = YES;
				CLANG_WARN__DUPLICATE_METHOD_MATCH = YES;
				COPY_PHASE_STRIP = NO;
				DEBUG_INFORMATION_FORMAT = "dwarf-with-dsym";
				ENABLE_NS_ASSERTIONS = NO;
				ENABLE_STRICT_OBJC_MSGSEND = YES;
				GCC_C_LANGUAGE_STANDARD = gnu11;
				GCC_NO_COMMON_BLOCKS = YES;
				GCC_WARN_64_TO_32_BIT_CONVERSION = YES;
				GCC_WARN_ABOUT_RETURN_TYPE = YES_ERROR;
				GCC_WARN_UNDECLARED_SELECTOR = YES;
				GCC_WARN_UNINITIALIZED_AUTOS = YES_AGGRESSIVE;
				GCC_WARN_UNUSED_FUNCTION = YES;
				GCC_WARN_UNUSED_VARIABLE = YES;
				IPHONEOS_DEPLOYMENT_TARGET = 14.4;
				MTL_ENABLE_DEBUG_INFO = NO;
				MTL_FAST_MATH = YES;
				SDKROOT = iphoneos;
				SWIFT_COMPILATION_MODE = wholemodule;
				SWIFT_OPTIMIZATION_LEVEL = "-O";
				VALIDATE_PRODUCT = YES;
			};
			name = Release;
		};
		0808916825DD393A005AEBC9 /* Debug */ = {
			isa = XCBuildConfiguration;
			buildSettings = {
				ASSETCATALOG_COMPILER_APPICON_NAME = AppIcon;
				ASSETCATALOG_COMPILER_GLOBAL_ACCENT_COLOR_NAME = AccentColor;
				CODE_SIGN_STYLE = Automatic;
				DEVELOPMENT_TEAM = CPX7FN2K89;
				INFOPLIST_FILE = TryModernCollectionView/Info.plist;
				LD_RUNPATH_SEARCH_PATHS = (
					"$(inherited)",
					"@executable_path/Frameworks",
				);
				PRODUCT_BUNDLE_IDENTIFIER = dev.erikflores.TryModernCollectionView;
				PRODUCT_NAME = "$(TARGET_NAME)";
				SWIFT_VERSION = 5.0;
				TARGETED_DEVICE_FAMILY = "1,2";
			};
			name = Debug;
		};
		0808916925DD393A005AEBC9 /* Release */ = {
			isa = XCBuildConfiguration;
			buildSettings = {
				ASSETCATALOG_COMPILER_APPICON_NAME = AppIcon;
				ASSETCATALOG_COMPILER_GLOBAL_ACCENT_COLOR_NAME = AccentColor;
				CODE_SIGN_STYLE = Automatic;
				DEVELOPMENT_TEAM = CPX7FN2K89;
				INFOPLIST_FILE = TryModernCollectionView/Info.plist;
				LD_RUNPATH_SEARCH_PATHS = (
					"$(inherited)",
					"@executable_path/Frameworks",
				);
				PRODUCT_BUNDLE_IDENTIFIER = dev.erikflores.TryModernCollectionView;
				PRODUCT_NAME = "$(TARGET_NAME)";
				SWIFT_VERSION = 5.0;
				TARGETED_DEVICE_FAMILY = "1,2";
			};
			name = Release;
		};
		0808916B25DD393A005AEBC9 /* Debug */ = {
			isa = XCBuildConfiguration;
			buildSettings = {
				ALWAYS_EMBED_SWIFT_STANDARD_LIBRARIES = YES;
				BUNDLE_LOADER = "$(TEST_HOST)";
				CODE_SIGN_STYLE = Automatic;
				DEVELOPMENT_TEAM = CPX7FN2K89;
				INFOPLIST_FILE = TryModernCollectionViewTests/Info.plist;
				IPHONEOS_DEPLOYMENT_TARGET = 14.4;
				LD_RUNPATH_SEARCH_PATHS = (
					"$(inherited)",
					"@executable_path/Frameworks",
					"@loader_path/Frameworks",
				);
				PRODUCT_BUNDLE_IDENTIFIER = dev.erikflores.TryModernCollectionViewTests;
				PRODUCT_NAME = "$(TARGET_NAME)";
				SWIFT_VERSION = 5.0;
				TARGETED_DEVICE_FAMILY = "1,2";
				TEST_HOST = "$(BUILT_PRODUCTS_DIR)/TryModernCollectionView.app/TryModernCollectionView";
			};
			name = Debug;
		};
		0808916C25DD393A005AEBC9 /* Release */ = {
			isa = XCBuildConfiguration;
			buildSettings = {
				ALWAYS_EMBED_SWIFT_STANDARD_LIBRARIES = YES;
				BUNDLE_LOADER = "$(TEST_HOST)";
				CODE_SIGN_STYLE = Automatic;
				DEVELOPMENT_TEAM = CPX7FN2K89;
				INFOPLIST_FILE = TryModernCollectionViewTests/Info.plist;
				IPHONEOS_DEPLOYMENT_TARGET = 14.4;
				LD_RUNPATH_SEARCH_PATHS = (
					"$(inherited)",
					"@executable_path/Frameworks",
					"@loader_path/Frameworks",
				);
				PRODUCT_BUNDLE_IDENTIFIER = dev.erikflores.TryModernCollectionViewTests;
				PRODUCT_NAME = "$(TARGET_NAME)";
				SWIFT_VERSION = 5.0;
				TARGETED_DEVICE_FAMILY = "1,2";
				TEST_HOST = "$(BUILT_PRODUCTS_DIR)/TryModernCollectionView.app/TryModernCollectionView";
			};
			name = Release;
		};
		0808916E25DD393A005AEBC9 /* Debug */ = {
			isa = XCBuildConfiguration;
			buildSettings = {
				ALWAYS_EMBED_SWIFT_STANDARD_LIBRARIES = YES;
				CODE_SIGN_STYLE = Automatic;
				DEVELOPMENT_TEAM = CPX7FN2K89;
				INFOPLIST_FILE = TryModernCollectionViewUITests/Info.plist;
				LD_RUNPATH_SEARCH_PATHS = (
					"$(inherited)",
					"@executable_path/Frameworks",
					"@loader_path/Frameworks",
				);
				PRODUCT_BUNDLE_IDENTIFIER = dev.erikflores.TryModernCollectionViewUITests;
				PRODUCT_NAME = "$(TARGET_NAME)";
				SWIFT_VERSION = 5.0;
				TARGETED_DEVICE_FAMILY = "1,2";
				TEST_TARGET_NAME = TryModernCollectionView;
			};
			name = Debug;
		};
		0808916F25DD393A005AEBC9 /* Release */ = {
			isa = XCBuildConfiguration;
			buildSettings = {
				ALWAYS_EMBED_SWIFT_STANDARD_LIBRARIES = YES;
				CODE_SIGN_STYLE = Automatic;
				DEVELOPMENT_TEAM = CPX7FN2K89;
				INFOPLIST_FILE = TryModernCollectionViewUITests/Info.plist;
				LD_RUNPATH_SEARCH_PATHS = (
					"$(inherited)",
					"@executable_path/Frameworks",
					"@loader_path/Frameworks",
				);
				PRODUCT_BUNDLE_IDENTIFIER = dev.erikflores.TryModernCollectionViewUITests;
				PRODUCT_NAME = "$(TARGET_NAME)";
				SWIFT_VERSION = 5.0;
				TARGETED_DEVICE_FAMILY = "1,2";
				TEST_TARGET_NAME = TryModernCollectionView;
			};
			name = Release;
		};
/* End XCBuildConfiguration section */

/* Begin XCConfigurationList section */
		0808913825DD3936005AEBC9 /* Build configuration list for PBXProject "TryModernCollectionView" */ = {
			isa = XCConfigurationList;
			buildConfigurations = (
				0808916525DD393A005AEBC9 /* Debug */,
				0808916625DD393A005AEBC9 /* Release */,
			);
			defaultConfigurationIsVisible = 0;
			defaultConfigurationName = Release;
		};
		0808916725DD393A005AEBC9 /* Build configuration list for PBXNativeTarget "TryModernCollectionView" */ = {
			isa = XCConfigurationList;
			buildConfigurations = (
				0808916825DD393A005AEBC9 /* Debug */,
				0808916925DD393A005AEBC9 /* Release */,
			);
			defaultConfigurationIsVisible = 0;
			defaultConfigurationName = Release;
		};
		0808916A25DD393A005AEBC9 /* Build configuration list for PBXNativeTarget "TryModernCollectionViewTests" */ = {
			isa = XCConfigurationList;
			buildConfigurations = (
				0808916B25DD393A005AEBC9 /* Debug */,
				0808916C25DD393A005AEBC9 /* Release */,
			);
			defaultConfigurationIsVisible = 0;
			defaultConfigurationName = Release;
		};
		0808916D25DD393A005AEBC9 /* Build configuration list for PBXNativeTarget "TryModernCollectionViewUITests" */ = {
			isa = XCConfigurationList;
			buildConfigurations = (
				0808916E25DD393A005AEBC9 /* Debug */,
				0808916F25DD393A005AEBC9 /* Release */,
			);
			defaultConfigurationIsVisible = 0;
			defaultConfigurationName = Release;
		};
/* End XCConfigurationList section */
	};
	rootObject = 0808913525DD3936005AEBC9 /* Project object */;
}
